
Microsoft Visual Studio Solution File, Format Version 12.00
# Visual Studio Version 17
VisualStudioVersion = 17.7.34018.315
MinimumVisualStudioVersion = 10.0.40219.1
Project("{9A19103F-16F7-4668-BE54-9A1E7A4F7556}") = "PIS2", "PIS2\PIS2.csproj", "{2460244A-DFD0-4C1C-896E-836F4C3E0D39}"
EndProject
Global
	GlobalSection(SolutionConfigurationPlatforms) = preSolution
		Debug|Any CPU = Debug|Any CPU
		Release|Any CPU = Release|Any CPU
	EndGlobalSection
	GlobalSection(ProjectConfigurationPlatforms) = postSolution
		{2460244A-DFD0-4C1C-896E-836F4C3E0D39}.Debug|Any CPU.ActiveCfg = Debug|Any CPU
		{2460244A-DFD0-4C1C-896E-836F4C3E0D39}.Debug|Any CPU.Build.0 = Debug|Any CPU
		{2460244A-DFD0-4C1C-896E-836F4C3E0D39}.Release|Any CPU.ActiveCfg = Release|Any CPU
		{2460244A-DFD0-4C1C-896E-836F4C3E0D39}.Release|Any CPU.Build.0 = Release|Any CPU
	EndGlobalSection
	GlobalSection(SolutionProperties) = preSolution
		HideSolutionNode = FALSE
	EndGlobalSection
	GlobalSection(ExtensibilityGlobals) = postSolution
		SolutionGuid = {AEF16656-91E0-443D-B2D8-CC81A122878A}
	EndGlobalSection
EndGlobal
